{
  "name": "reference",
  "version": "1.0.0",
  "lockfileVersion": 1,
  "requires": true,
  "dependencies": {
    "@xeokit/xeokit-sdk": {
      "version": "1.5.14",
      "resolved": "https://registry.npmjs.org/@xeokit/xeokit-sdk/-/xeokit-sdk-1.5.14.tgz",
      "integrity": "sha512-D3K2RB1FTwt1oPqNNXs3E9dz2kMWDNRgwyp6wq21VEquzi/k4ORaqCoL8l7+SNGObrYgp1gbBui0MLM/YJg7Pg=="
    }
  }
}
